// !$*UTF8*$!
{
	archiveVersion = 1;
	classes = {
	};
	objectVersion = 51;
	objects = {

/* Begin PBXBuildFile section */
		55499423249DE14F00ABAD12 /* AppDelegate.swift in Sources */ = {isa = PBXBuildFile; fileRef = 55499422249DE14F00ABAD12 /* AppDelegate.swift */; };
		55499425249DE14F00ABAD12 /* SceneDelegate.swift in Sources */ = {isa = PBXBuildFile; fileRef = 55499424249DE14F00ABAD12 /* SceneDelegate.swift */; };
		55499427249DE14F00ABAD12 /* slideCards.swift in Sources */ = {isa = PBXBuildFile; fileRef = 55499426249DE14F00ABAD12 /* slideCards.swift */; };
		5549942A249DE14F00ABAD12 /* Main.storyboard in Resources */ = {isa = PBXBuildFile; fileRef = 55499428249DE14F00ABAD12 /* Main.storyboard */; };
		5549942C249DE15000ABAD12 /* Assets.xcassets in Resources */ = {isa = PBXBuildFile; fileRef = 5549942B249DE15000ABAD12 /* Assets.xcassets */; };
		5549942F249DE15000ABAD12 /* LaunchScreen.storyboard in Resources */ = {isa = PBXBuildFile; fileRef = 5549942D249DE15000ABAD12 /* LaunchScreen.storyboard */; };
		B8DCAE4348EA74F9C68F0E9B /* Pods_Slide_Cards.framework in Frameworks */ = {isa = PBXBuildFile; fileRef = 970CD46733F465EED942F6E8 /* Pods_Slide_Cards.framework */; };
/* End PBXBuildFile section */

/* Begin PBXFileReference section */
		5549941F249DE14F00ABAD12 /* Avengers.app */ = {isa = PBXFileReference; explicitFileType = wrapper.application; includeInIndex = 0; path = Avengers.app; sourceTree = BUILT_PRODUCTS_DIR; };
		55499422249DE14F00ABAD12 /* AppDelegate.swift */ = {isa = PBXFileReference; lastKnownFileType = sourcecode.swift; path = AppDelegate.swift; sourceTree = "<group>"; };
		55499424249DE14F00ABAD12 /* SceneDelegate.swift */ = {isa = PBXFileReference; lastKnownFileType = sourcecode.swift; path = SceneDelegate.swift; sourceTree = "<group>"; };
		55499426249DE14F00ABAD12 /* slideCards.swift */ = {isa = PBXFileReference; lastKnownFileType = sourcecode.swift; path = slideCards.swift; sourceTree = "<group>"; };
		55499429249DE14F00ABAD12 /* Base */ = {isa = PBXFileReference; lastKnownFileType = file.storyboard; name = Base; path = Base.lproj/Main.storyboard; sourceTree = "<group>"; };
		5549942B249DE15000ABAD12 /* Assets.xcassets */ = {isa = PBXFileReference; lastKnownFileType = folder.assetcatalog; path = Assets.xcassets; sourceTree = "<group>"; };
		5549942E249DE15000ABAD12 /* Base */ = {isa = PBXFileReference; lastKnownFileType = file.storyboard; name = Base; path = Base.lproj/LaunchScreen.storyboard; sourceTree = "<group>"; };
		55499430249DE15000ABAD12 /* Info.plist */ = {isa = PBXFileReference; lastKnownFileType = text.plist.xml; path = Info.plist; sourceTree = "<group>"; };
		970CD46733F465EED942F6E8 /* Pods_Slide_Cards.framework */ = {isa = PBXFileReference; explicitFileType = wrapper.framework; includeInIndex = 0; path = Pods_Slide_Cards.framework; sourceTree = BUILT_PRODUCTS_DIR; };
		A40FCE9B0E81E654CCDA1043 /* Pods-Slide Cards.release.xcconfig */ = {isa = PBXFileReference; includeInIndex = 1; lastKnownFileType = text.xcconfig; name = "Pods-Slide Cards.release.xcconfig"; path = "Target Support Files/Pods-Slide Cards/Pods-Slide Cards.release.xcconfig"; sourceTree = "<group>"; };
		E7B5982D661053AFD337DEA1 /* Pods-Slide Cards.debug.xcconfig */ = {isa = PBXFileReference; includeInIndex = 1; lastKnownFileType = text.xcconfig; name = "Pods-Slide Cards.debug.xcconfig"; path = "Target Support Files/Pods-Slide Cards/Pods-Slide Cards.debug.xcconfig"; sourceTree = "<group>"; };
/* End PBXFileReference section */

/* Begin PBXFrameworksBuildPhase section */
		5549941C249DE14F00ABAD12 /* Frameworks */ = {
			isa = PBXFrameworksBuildPhase;
			buildActionMask = 2147483647;
			files = (
				B8DCAE4348EA74F9C68F0E9B /* Pods_Slide_Cards.framework in Frameworks */,
			);
			runOnlyForDeploymentPostprocessing = 0;
		};
/* End PBXFrameworksBuildPhase section */

/* Begin PBXGroup section */
		292244957FA387CD9ED36723 /* Pods */ = {
			isa = PBXGroup;
			children = (
				E7B5982D661053AFD337DEA1 /* Pods-Slide Cards.debug.xcconfig */,
				A40FCE9B0E81E654CCDA1043 /* Pods-Slide Cards.release.xcconfig */,
			);
			path = Pods;
			sourceTree = "<group>";
		};
		55499416249DE14F00ABAD12 = {
			isa = PBXGroup;
			children = (
				55499421249DE14F00ABAD12 /* Slide Cards */,
				55499420249DE14F00ABAD12 /* Products */,
				292244957FA387CD9ED36723 /* Pods */,
				633AE42EC4215BD4DD1971E9 /* Frameworks */,
			);
			sourceTree = "<group>";
		};
		55499420249DE14F00ABAD12 /* Products */ = {
			isa = PBXGroup;
			children = (
				5549941F249DE14F00ABAD12 /* Avengers.app */,
			);
			name = Products;
			sourceTree = "<group>";
		};
		55499421249DE14F00ABAD12 /* Slide Cards */ = {
			isa = PBXGroup;
			children = (
				55499422249DE14F00ABAD12 /* AppDelegate.swift */,
				55499424249DE14F00ABAD12 /* SceneDelegate.swift */,
				55499426249DE14F00ABAD12 /* slideCards.swift */,
				55499428249DE14F00ABAD12 /* Main.storyboard */,
				5549942B249DE15000ABAD12 /* Assets.xcassets */,
				5549942D249DE15000ABAD12 /* LaunchScreen.storyboard */,
				55499430249DE15000ABAD12 /* Info.plist */,
			);
			path = "Slide Cards";
			sourceTree = "<group>";
		};
		633AE42EC4215BD4DD1971E9 /* Frameworks */ = {
			isa = PBXGroup;
			children = (
				970CD46733F465EED942F6E8 /* Pods_Slide_Cards.framework */,
			);
			name = Frameworks;
			sourceTree = "<group>";
		};
/* End PBXGroup section */

/* Begin PBXNativeTarget section */
		5549941E249DE14F00ABAD12 /* Slide Cards */ = {
			isa = PBXNativeTarget;
			buildConfigurationList = 55499433249DE15000ABAD12 /* Build configuration list for PBXNativeTarget "Slide Cards" */;
			buildPhases = (
				DB03CA314A793D3BA45A94A8 /* [CP] Check Pods Manifest.lock */,
				5549941B249DE14F00ABAD12 /* Sources */,
				5549941C249DE14F00ABAD12 /* Frameworks */,
				5549941D249DE14F00ABAD12 /* Resources */,
				E0A4C85C09168086424CDEA4 /* [CP] Embed Pods Frameworks */,
			);
			buildRules = (
			);
			dependencies = (
			);
			name = "Slide Cards";
			productName = "Slide Cards";
			productReference = 5549941F249DE14F00ABAD12 /* Avengers.app */;
			productType = "com.apple.product-type.application";
		};
/* End PBXNativeTarget section */

/* Begin PBXProject section */
		55499417249DE14F00ABAD12 /* Project object */ = {
			isa = PBXProject;
			attributes = {
				LastSwiftUpdateCheck = 1150;
				LastUpgradeCheck = 1150;
				ORGANIZATIONNAME = "Gokul Nair";
				TargetAttributes = {
					5549941E249DE14F00ABAD12 = {
						CreatedOnToolsVersion = 11.5;
					};
				};
			};
			buildConfigurationList = 5549941A249DE14F00ABAD12 /* Build configuration list for PBXProject "Slide Cards" */;
			compatibilityVersion = "Xcode 9.3";
			developmentRegion = en;
			hasScannedForEncodings = 0;
			knownRegions = (
				en,
				Base,
			);
			mainGroup = 55499416249DE14F00ABAD12;
			productRefGroup = 55499420249DE14F00ABAD12 /* Products */;
			projectDirPath = "";
			projectRoot = "";
			targets = (
				5549941E249DE14F00ABAD12 /* Slide Cards */,
			);
		};
/* End PBXProject section */

/* Begin PBXResourcesBuildPhase section */
		5549941D249DE14F00ABAD12 /* Resources */ = {
			isa = PBXResourcesBuildPhase;
			buildActionMask = 2147483647;
			files = (
				5549942F249DE15000ABAD12 /* LaunchScreen.storyboard in Resources */,
				5549942C249DE15000ABAD12 /* Assets.xcassets in Resources */,
				5549942A249DE14F00ABAD12 /* Main.storyboard in Resources */,
			);
			runOnlyForDeploymentPostprocessing = 0;
		};
/* End PBXResourcesBuildPhase section */

/* Begin PBXShellScriptBuildPhase section */
		DB03CA314A793D3BA45A94A8 /* [CP] Check Pods Manifest.lock */ = {
			isa = PBXShellScriptBuildPhase;
			buildActionMask = 2147483647;
			files = (
			);
			inputFileListPaths = (
			);
			inputPaths = (
				"${PODS_PODFILE_DIR_PATH}/Podfile.lock",
				"${PODS_ROOT}/Manifest.lock",
			);
			name = "[CP] Check Pods Manifest.lock";
			outputFileListPaths = (
			);
			outputPaths = (
				"$(DERIVED_FILE_DIR)/Pods-Slide Cards-checkManifestLockResult.txt",
			);
			runOnlyForDeploymentPostprocessing = 0;
			shellPath = /bin/sh;
			shellScript = "diff \"${PODS_PODFILE_DIR_PATH}/Podfile.lock\" \"${PODS_ROOT}/Manifest.lock\" > /dev/null\nif [ $? != 0 ] ; then\n    # print error to STDERR\n    echo \"error: The sandbox is not in sync with the Podfile.lock. Run 'pod install' or update your CocoaPods installation.\" >&2\n    exit 1\nfi\n# This output is used by Xcode 'outputs' to avoid re-running this script phase.\necho \"SUCCESS\" > \"${SCRIPT_OUTPUT_FILE_0}\"\n";
			showEnvVarsInLog = 0;
		};
		E0A4C85C09168086424CDEA4 /* [CP] Embed Pods Frameworks */ = {
			isa = PBXShellScriptBuildPhase;
			buildActionMask = 2147483647;
			files = (
			);
			inputFileListPaths = (
				"${PODS_ROOT}/Target Support Files/Pods-Slide Cards/Pods-Slide Cards-frameworks-${CONFIGURATION}-input-files.xcfilelist",
			);
			name = "[CP] Embed Pods Frameworks";
			outputFileListPaths = (
				"${PODS_ROOT}/Target Support Files/Pods-Slide Cards/Pods-Slide Cards-frameworks-${CONFIGURATION}-output-files.xcfilelist",
			);
			runOnlyForDeploymentPostprocessing = 0;
			shellPath = /bin/sh;
			shellScript = "\"${PODS_ROOT}/Target Support Files/Pods-Slide Cards/Pods-Slide Cards-frameworks.sh\"\n";
			showEnvVarsInLog = 0;
		};
/* End PBXShellScriptBuildPhase section */

/* Begin PBXSourcesBuildPhase section */
		5549941B249DE14F00ABAD12 /* Sources */ = {
			isa = PBXSourcesBuildPhase;
			buildActionMask = 2147483647;
			files = (
				55499427249DE14F00ABAD12 /* slideCards.swift in Sources */,
				55499423249DE14F00ABAD12 /* AppDelegate.swift in Sources */,
				55499425249DE14F00ABAD12 /* SceneDelegate.swift in Sources */,
			);
			runOnlyForDeploymentPostprocessing = 0;
		};
/* End PBXSourcesBuildPhase section */

/* Begin PBXVariantGroup section */
		55499428249DE14F00ABAD12 /* Main.storyboard */ = {
			isa = PBXVariantGroup;
			children = (
				55499429249DE14F00ABAD12 /* Base */,
			);
			name = Main.storyboard;
			sourceTree = "<group>";
		};
		5549942D249DE15000ABAD12 /* LaunchScreen.storyboard */ = {
			isa = PBXVariantGroup;
			children = (
				5549942E249DE15000ABAD12 /* Base */,
			);
			name = LaunchScreen.storyboard;
			sourceTree = "<group>";
		};
/* End PBXVariantGroup section */

/* Begin XCBuildConfiguration section */
		55499431249DE15000ABAD12 /* Debug */ = {
			isa = XCBuildConfiguration;
			buildSettings = {
				ALWAYS_SEARCH_USER_PATHS = NO;
				CLANG_ANALYZER_NONNULL = YES;
				CLANG_ANALYZER_NUMBER_OBJECT_CONVERSION = YES_AGGRESSIVE;
				CLANG_CXX_LANGUAGE_STANDARD = "gnu++14";
				CLANG_CXX_LIBRARY = "libc++";
				CLANG_ENABLE_MODULES = YES;
				CLANG_ENABLE_OBJC_ARC = YES;
				CLANG_ENABLE_OBJC_WEAK = YES;
				CLANG_WARN_BLOCK_CAPTURE_AUTORELEASING = YES;
				CLANG_WARN_BOOL_CONVERSION = YES;
				CLANG_WARN_COMMA = YES;
				CLANG_WARN_CONSTANT_CONVERSION = YES;
				CLANG_WARN_DEPRECATED_OBJC_IMPLEMENTATIONS = YES;
				CLANG_WARN_DIRECT_OBJC_ISA_USAGE = YES_ERROR;
				CLANG_WARN_DOCUMENTATION_COMMENTS = YES;
				CLANG_WARN_EMPTY_BODY = YES;
				CLANG_WARN_ENUM_CONVERSION = YES;
				CLANG_WARN_INFINITE_RECURSION = YES;
				CLANG_WARN_INT_CONVERSION = YES;
				CLANG_WARN_NON_LITERAL_NULL_CONVERSION = YES;
				CLANG_WARN_OBJC_IMPLICIT_RETAIN_SELF = YES;
				CLANG_WARN_OBJC_LITERAL_CONVERSION = YES;
				CLANG_WARN_OBJC_ROOT_CLASS = YES_ERROR;
				CLANG_WARN_RANGE_LOOP_ANALYSIS = YES;
				CLANG_WARN_STRICT_PROTOTYPES = YES;
				CLANG_WARN_SUSPICIOUS_MOVE = YES;
				CLANG_WARN_UNGUARDED_AVAILABILITY = YES_AGGRESSIVE;
				CLANG_WARN_UNREACHABLE_CODE = YES;
				CLANG_WARN__DUPLICATE_METHOD_MATCH = YES;
				COPY_PHASE_STRIP = NO;
				DEBUG_INFORMATION_FORMAT = dwarf;
				ENABLE_STRICT_OBJC_MSGSEND = YES;
				ENABLE_TESTABILITY = YES;
				GCC_C_LANGUAGE_STANDARD = gnu11;
				GCC_DYNAMIC_NO_PIC = NO;
				GCC_NO_COMMON_BLOCKS = YES;
				GCC_OPTIMIZATION_LEVEL = 0;
				GCC_PREPROCESSOR_DEFINITIONS = (
					"DEBUG=1",
					"$(inherited)",
				);
				GCC_WARN_64_TO_32_BIT_CONVERSION = YES;
				GCC_WARN_ABOUT_RETURN_TYPE = YES_ERROR;
				GCC_WARN_UNDECLARED_SELECTOR = YES;
				GCC_WARN_UNINITIALIZED_AUTOS = YES_AGGRESSIVE;
				GCC_WARN_UNUSED_FUNCTION = YES;
				GCC_WARN_UNUSED_VARIABLE = YES;
				IPHONEOS_DEPLOYMENT_TARGET = 13.5;
				MTL_ENABLE_DEBUG_INFO = INCLUDE_SOURCE;
				MTL_FAST_MATH = YES;
				ONLY_ACTIVE_ARCH = YES;
				SDKROOT = iphoneos;
				SWIFT_ACTIVE_COMPILATION_CONDITIONS = DEBUG;
				SWIFT_OPTIMIZATION_LEVEL = "-Onone";
			};
			name = Debug;
		};
		55499432249DE15000ABAD12 /* Release */ = {
			isa = XCBuildConfiguration;
			buildSettings = {
				ALWAYS_SEARCH_USER_PATHS = NO;
				CLANG_ANALYZER_NONNULL = YES;
				CLANG_ANALYZER_NUMBER_OBJECT_CONVERSION = YES_AGGRESSIVE;
				CLANG_CXX_LANGUAGE_STANDARD = "gnu++14";
				CLANG_CXX_LIBRARY = "libc++";
				CLANG_ENABLE_MODULES = YES;
				CLANG_ENABLE_OBJC_ARC = YES;
				CLANG_ENABLE_OBJC_WEAK = YES;
				CLANG_WARN_BLOCK_CAPTURE_AUTORELEASING = YES;
				CLANG_WARN_BOOL_CONVERSION = YES;
				CLANG_WARN_COMMA = YES;
				CLANG_WARN_CONSTANT_CONVERSION = YES;
				CLANG_WARN_DEPRECATED_OBJC_IMPLEMENTATIONS = YES;
				CLANG_WARN_DIRECT_OBJC_ISA_USAGE = YES_ERROR;
				CLANG_WARN_DOCUMENTATION_COMMENTS = YES;
				CLANG_WARN_EMPTY_BODY = YES;
				CLANG_WARN_ENUM_CONVERSION = YES;
				CLANG_WARN_INFINITE_RECURSION = YES;
				CLANG_WARN_INT_CONVERSION = YES;
				CLANG_WARN_NON_LITERAL_NULL_CONVERSION = YES;
				CLANG_WARN_OBJC_IMPLICIT_RETAIN_SELF = YES;
				CLANG_WARN_OBJC_LITERAL_CONVERSION = YES;
				CLANG_WARN_OBJC_ROOT_CLASS = YES_ERROR;
				CLANG_WARN_RANGE_LOOP_ANALYSIS = YES;
				CLANG_WARN_STRICT_PROTOTYPES = YES;
				CLANG_WARN_SUSPICIOUS_MOVE = YES;
				CLANG_WARN_UNGUARDED_AVAILABILITY = YES_AGGRESSIVE;
				CLANG_WARN_UNREACHABLE_CODE = YES;
				CLANG_WARN__DUPLICATE_METHOD_MATCH = YES;
				COPY_PHASE_STRIP = NO;
				DEBUG_INFORMATION_FORMAT = "dwarf-with-dsym";
				ENABLE_NS_ASSERTIONS = NO;
				ENABLE_STRICT_OBJC_MSGSEND = YES;
				GCC_C_LANGUAGE_STANDARD = gnu11;
				GCC_NO_COMMON_BLOCKS = YES;
				GCC_WARN_64_TO_32_BIT_CONVERSION = YES;
				GCC_WARN_ABOUT_RETURN_TYPE = YES_ERROR;
				GCC_WARN_UNDECLARED_SELECTOR = YES;
				GCC_WARN_UNINITIALIZED_AUTOS = YES_AGGRESSIVE;
				GCC_WARN_UNUSED_FUNCTION = YES;
				GCC_WARN_UNUSED_VARIABLE = YES;
				IPHONEOS_DEPLOYMENT_TARGET = 13.5;
				MTL_ENABLE_DEBUG_INFO = NO;
				MTL_FAST_MATH = YES;
				SDKROOT = iphoneos;
				SWIFT_COMPILATION_MODE = wholemodule;
				SWIFT_OPTIMIZATION_LEVEL = "-O";
				VALIDATE_PRODUCT = YES;
			};
			name = Release;
		};
		55499434249DE15000ABAD12 /* Debug */ = {
			isa = XCBuildConfiguration;
			baseConfigurationReference = E7B5982D661053AFD337DEA1 /* Pods-Slide Cards.debug.xcconfig */;
			buildSettings = {
				ASSETCATALOG_COMPILER_APPICON_NAME = AppIcon;
				CODE_SIGN_STYLE = Automatic;
				DEVELOPMENT_TEAM = GJM8829Q7N;
				INFOPLIST_FILE = "Slide Cards/Info.plist";
				LD_RUNPATH_SEARCH_PATHS = (
					"$(inherited)",
					"@executable_path/Frameworks",
				);
				PRODUCT_BUNDLE_IDENTIFIER = "com.gokulnair.Slide-Cards";
				PRODUCT_NAME = Avengers;
				SWIFT_VERSION = 5.0;
				TARGETED_DEVICE_FAMILY = "1,2";
			};
			name = Debug;
		};
		55499435249DE15000ABAD12 /* Release */ = {
			isa = XCBuildConfiguration;
			baseConfigurationReference = A40FCE9B0E81E654CCDA1043 /* Pods-Slide Cards.release.xcconfig */;
			buildSettings = {
				ASSETCATALOG_COMPILER_APPICON_NAME = AppIcon;
				CODE_SIGN_STYLE = Automatic;
				DEVELOPMENT_TEAM = GJM8829Q7N;
				INFOPLIST_FILE = "Slide Cards/Info.plist";
				LD_RUNPATH_SEARCH_PATHS = (
					"$(inherited)",
					"@executable_path/Frameworks",
				);
				PRODUCT_BUNDLE_IDENTIFIER = "com.gokulnair.Slide-Cards";
				PRODUCT_NAME = Avengers;
				SWIFT_VERSION = 5.0;
				TARGETED_DEVICE_FAMILY = "1,2";
			};
			name = Release;
		};
/* End XCBuildConfiguration section */

/* Begin XCConfigurationList section */
		5549941A249DE14F00ABAD12 /* Build configuration list for PBXProject "Slide Cards" */ = {
			isa = XCConfigurationList;
			buildConfigurations = (
				55499431249DE15000ABAD12 /* Debug */,
				55499432249DE15000ABAD12 /* Release */,
			);
			defaultConfigurationIsVisible = 0;
			defaultConfigurationName = Release;
		};
		55499433249DE15000ABAD12 /* Build configuration list for PBXNativeTarget "Slide Cards" */ = {
			isa = XCConfigurationList;
			buildConfigurations = (
				55499434249DE15000ABAD12 /* Debug */,
				55499435249DE15000ABAD12 /* Release */,
			);
			defaultConfigurationIsVisible = 0;
			defaultConfigurationName = Release;
		};
/* End XCConfigurationList section */
	};
	rootObject = 55499417249DE14F00ABAD12 /* Project object */;
}
